
Microsoft Visual Studio Solution File, Format Version 12.00
# Visual Studio Version 17
VisualStudioVersion = 17.6.33712.159
MinimumVisualStudioVersion = 10.0.40219.1
Project("{9A19103F-16F7-4668-BE54-9A1E7A4F7556}") = "Api.SysAquarismo.Application", "Api.SysAquarismo.Application.csproj", "{FFFBCFBF-B8FD-415F-AD66-BD0B3A4A19AA}"
EndProject
Project("{9A19103F-16F7-4668-BE54-9A1E7A4F7556}") = "Api.SysAquarismo.Domain", "..\Api.SysAquarismo.Domain\Api.SysAquarismo.Domain.csproj", "{374D1813-9B9A-453A-880B-37761EDD7DEF}"
EndProject
Project("{9A19103F-16F7-4668-BE54-9A1E7A4F7556}") = "Api.SysAquarismo.Infrastructure", "..\Api.SysAquarismo.Infrastructure\Api.SysAquarismo.Infrastructure.csproj", "{DF8461AD-3DB5-44B6-A460-25FC867EAF04}"
EndProject
Global
	GlobalSection(SolutionConfigurationPlatforms) = preSolution
		Debug|Any CPU = Debug|Any CPU
		Release|Any CPU = Release|Any CPU
	EndGlobalSection
	GlobalSection(ProjectConfigurationPlatforms) = postSolution
		{FFFBCFBF-B8FD-415F-AD66-BD0B3A4A19AA}.Debug|Any CPU.ActiveCfg = Debug|Any CPU
		{FFFBCFBF-B8FD-415F-AD66-BD0B3A4A19AA}.Debug|Any CPU.Build.0 = Debug|Any CPU
		{FFFBCFBF-B8FD-415F-AD66-BD0B3A4A19AA}.Release|Any CPU.ActiveCfg = Release|Any CPU
		{FFFBCFBF-B8FD-415F-AD66-BD0B3A4A19AA}.Release|Any CPU.Build.0 = Release|Any CPU
		{374D1813-9B9A-453A-880B-37761EDD7DEF}.Debug|Any CPU.ActiveCfg = Debug|Any CPU
		{374D1813-9B9A-453A-880B-37761EDD7DEF}.Debug|Any CPU.Build.0 = Debug|Any CPU
		{374D1813-9B9A-453A-880B-37761EDD7DEF}.Release|Any CPU.ActiveCfg = Release|Any CPU
		{374D1813-9B9A-453A-880B-37761EDD7DEF}.Release|Any CPU.Build.0 = Release|Any CPU
		{DF8461AD-3DB5-44B6-A460-25FC867EAF04}.Debug|Any CPU.ActiveCfg = Debug|Any CPU
		{DF8461AD-3DB5-44B6-A460-25FC867EAF04}.Debug|Any CPU.Build.0 = Debug|Any CPU
		{DF8461AD-3DB5-44B6-A460-25FC867EAF04}.Release|Any CPU.ActiveCfg = Release|Any CPU
		{DF8461AD-3DB5-44B6-A460-25FC867EAF04}.Release|Any CPU.Build.0 = Release|Any CPU
	EndGlobalSection
	GlobalSection(SolutionProperties) = preSolution
		HideSolutionNode = FALSE
	EndGlobalSection
	GlobalSection(ExtensibilityGlobals) = postSolution
		SolutionGuid = {847734F7-6F4F-418D-9F0A-EADCFAD4FDF8}
	EndGlobalSection
EndGlobal
